// !$*UTF8*$!
{
	archiveVersion = 1;
	classes = {
	};
	objectVersion = 55;
	objects = {

/* Begin PBXBuildFile section */
		B813D0E727BD50AA00A32954 /* AppDelegate.swift in Sources */ = {isa = PBXBuildFile; fileRef = B813D0E627BD50AA00A32954 /* AppDelegate.swift */; };
		B813D0E927BD50AA00A32954 /* SceneDelegate.swift in Sources */ = {isa = PBXBuildFile; fileRef = B813D0E827BD50AA00A32954 /* SceneDelegate.swift */; };
		B813D0EE27BD50AA00A32954 /* Main.storyboard in Resources */ = {isa = PBXBuildFile; fileRef = B813D0EC27BD50AA00A32954 /* Main.storyboard */; };
		B813D0F027BD50AB00A32954 /* Assets.xcassets in Resources */ = {isa = PBXBuildFile; fileRef = B813D0EF27BD50AB00A32954 /* Assets.xcassets */; };
		B813D0F327BD50AB00A32954 /* LaunchScreen.storyboard in Resources */ = {isa = PBXBuildFile; fileRef = B813D0F127BD50AB00A32954 /* LaunchScreen.storyboard */; };
		B813D0FE27BD50AB00A32954 /* SelfiegramTests.swift in Sources */ = {isa = PBXBuildFile; fileRef = B813D0FD27BD50AB00A32954 /* SelfiegramTests.swift */; };
		B813D10827BD50AB00A32954 /* SelfiegramUITests.swift in Sources */ = {isa = PBXBuildFile; fileRef = B813D10727BD50AB00A32954 /* SelfiegramUITests.swift */; };
		B813D10A27BD50AB00A32954 /* SelfiegramUITestsLaunchTests.swift in Sources */ = {isa = PBXBuildFile; fileRef = B813D10927BD50AB00A32954 /* SelfiegramUITestsLaunchTests.swift */; };
		B813D11727BD563100A32954 /* SelfieStore.swift in Sources */ = {isa = PBXBuildFile; fileRef = B813D11627BD563100A32954 /* SelfieStore.swift */; };
		B813D11927BD5C6200A32954 /* SelfieStoreTests.swift in Sources */ = {isa = PBXBuildFile; fileRef = B813D11827BD5C6200A32954 /* SelfieStoreTests.swift */; };
		B8D1ACE327C681A200352832 /* SelfieListTableViewController.swift in Sources */ = {isa = PBXBuildFile; fileRef = B8D1ACE227C681A200352832 /* SelfieListTableViewController.swift */; };
/* End PBXBuildFile section */

/* Begin PBXContainerItemProxy section */
		B813D0FA27BD50AB00A32954 /* PBXContainerItemProxy */ = {
			isa = PBXContainerItemProxy;
			containerPortal = B813D0DB27BD50AA00A32954 /* Project object */;
			proxyType = 1;
			remoteGlobalIDString = B813D0E227BD50AA00A32954;
			remoteInfo = Selfiegram;
		};
		B813D10427BD50AB00A32954 /* PBXContainerItemProxy */ = {
			isa = PBXContainerItemProxy;
			containerPortal = B813D0DB27BD50AA00A32954 /* Project object */;
			proxyType = 1;
			remoteGlobalIDString = B813D0E227BD50AA00A32954;
			remoteInfo = Selfiegram;
		};
/* End PBXContainerItemProxy section */

/* Begin PBXFileReference section */
		B813D0E327BD50AA00A32954 /* Selfiegram.app */ = {isa = PBXFileReference; explicitFileType = wrapper.application; includeInIndex = 0; path = Selfiegram.app; sourceTree = BUILT_PRODUCTS_DIR; };
		B813D0E627BD50AA00A32954 /* AppDelegate.swift */ = {isa = PBXFileReference; lastKnownFileType = sourcecode.swift; path = AppDelegate.swift; sourceTree = "<group>"; };
		B813D0E827BD50AA00A32954 /* SceneDelegate.swift */ = {isa = PBXFileReference; lastKnownFileType = sourcecode.swift; path = SceneDelegate.swift; sourceTree = "<group>"; };
		B813D0ED27BD50AA00A32954 /* Base */ = {isa = PBXFileReference; lastKnownFileType = file.storyboard; name = Base; path = Base.lproj/Main.storyboard; sourceTree = "<group>"; };
		B813D0EF27BD50AB00A32954 /* Assets.xcassets */ = {isa = PBXFileReference; lastKnownFileType = folder.assetcatalog; path = Assets.xcassets; sourceTree = "<group>"; };
		B813D0F227BD50AB00A32954 /* Base */ = {isa = PBXFileReference; lastKnownFileType = file.storyboard; name = Base; path = Base.lproj/LaunchScreen.storyboard; sourceTree = "<group>"; };
		B813D0F427BD50AB00A32954 /* Info.plist */ = {isa = PBXFileReference; lastKnownFileType = text.plist.xml; path = Info.plist; sourceTree = "<group>"; };
		B813D0F927BD50AB00A32954 /* SelfiegramTests.xctest */ = {isa = PBXFileReference; explicitFileType = wrapper.cfbundle; includeInIndex = 0; path = SelfiegramTests.xctest; sourceTree = BUILT_PRODUCTS_DIR; };
		B813D0FD27BD50AB00A32954 /* SelfiegramTests.swift */ = {isa = PBXFileReference; lastKnownFileType = sourcecode.swift; path = SelfiegramTests.swift; sourceTree = "<group>"; };
		B813D10327BD50AB00A32954 /* SelfiegramUITests.xctest */ = {isa = PBXFileReference; explicitFileType = wrapper.cfbundle; includeInIndex = 0; path = SelfiegramUITests.xctest; sourceTree = BUILT_PRODUCTS_DIR; };
		B813D10727BD50AB00A32954 /* SelfiegramUITests.swift */ = {isa = PBXFileReference; lastKnownFileType = sourcecode.swift; path = SelfiegramUITests.swift; sourceTree = "<group>"; };
		B813D10927BD50AB00A32954 /* SelfiegramUITestsLaunchTests.swift */ = {isa = PBXFileReference; lastKnownFileType = sourcecode.swift; path = SelfiegramUITestsLaunchTests.swift; sourceTree = "<group>"; };
		B813D11627BD563100A32954 /* SelfieStore.swift */ = {isa = PBXFileReference; lastKnownFileType = sourcecode.swift; path = SelfieStore.swift; sourceTree = "<group>"; };
		B813D11827BD5C6200A32954 /* SelfieStoreTests.swift */ = {isa = PBXFileReference; lastKnownFileType = sourcecode.swift; path = SelfieStoreTests.swift; sourceTree = "<group>"; };
		B8D1ACE227C681A200352832 /* SelfieListTableViewController.swift */ = {isa = PBXFileReference; lastKnownFileType = sourcecode.swift; path = SelfieListTableViewController.swift; sourceTree = "<group>"; };
/* End PBXFileReference section */

/* Begin PBXFrameworksBuildPhase section */
		B813D0E027BD50AA00A32954 /* Frameworks */ = {
			isa = PBXFrameworksBuildPhase;
			buildActionMask = 2147483647;
			files = (
			);
			runOnlyForDeploymentPostprocessing = 0;
		};
		B813D0F627BD50AB00A32954 /* Frameworks */ = {
			isa = PBXFrameworksBuildPhase;
			buildActionMask = 2147483647;
			files = (
			);
			runOnlyForDeploymentPostprocessing = 0;
		};
		B813D10027BD50AB00A32954 /* Frameworks */ = {
			isa = PBXFrameworksBuildPhase;
			buildActionMask = 2147483647;
			files = (
			);
			runOnlyForDeploymentPostprocessing = 0;
		};
/* End PBXFrameworksBuildPhase section */

/* Begin PBXGroup section */
		B813D0DA27BD50AA00A32954 = {
			isa = PBXGroup;
			children = (
				B813D0E527BD50AA00A32954 /* Selfiegram */,
				B813D0FC27BD50AB00A32954 /* SelfiegramTests */,
				B813D10627BD50AB00A32954 /* SelfiegramUITests */,
				B813D0E427BD50AA00A32954 /* Products */,
			);
			sourceTree = "<group>";
		};
		B813D0E427BD50AA00A32954 /* Products */ = {
			isa = PBXGroup;
			children = (
				B813D0E327BD50AA00A32954 /* Selfiegram.app */,
				B813D0F927BD50AB00A32954 /* SelfiegramTests.xctest */,
				B813D10327BD50AB00A32954 /* SelfiegramUITests.xctest */,
			);
			name = Products;
			sourceTree = "<group>";
		};
		B813D0E527BD50AA00A32954 /* Selfiegram */ = {
			isa = PBXGroup;
			children = (
				B813D0E627BD50AA00A32954 /* AppDelegate.swift */,
				B813D0E827BD50AA00A32954 /* SceneDelegate.swift */,
				B813D0EC27BD50AA00A32954 /* Main.storyboard */,
				B813D11627BD563100A32954 /* SelfieStore.swift */,
				B813D0EF27BD50AB00A32954 /* Assets.xcassets */,
				B813D0F127BD50AB00A32954 /* LaunchScreen.storyboard */,
				B813D0F427BD50AB00A32954 /* Info.plist */,
				B8D1ACE227C681A200352832 /* SelfieListTableViewController.swift */,
			);
			path = Selfiegram;
			sourceTree = "<group>";
		};
		B813D0FC27BD50AB00A32954 /* SelfiegramTests */ = {
			isa = PBXGroup;
			children = (
				B813D0FD27BD50AB00A32954 /* SelfiegramTests.swift */,
				B813D11827BD5C6200A32954 /* SelfieStoreTests.swift */,
			);
			path = SelfiegramTests;
			sourceTree = "<group>";
		};
		B813D10627BD50AB00A32954 /* SelfiegramUITests */ = {
			isa = PBXGroup;
			children = (
				B813D10727BD50AB00A32954 /* SelfiegramUITests.swift */,
				B813D10927BD50AB00A32954 /* SelfiegramUITestsLaunchTests.swift */,
			);
			path = SelfiegramUITests;
			sourceTree = "<group>";
		};
/* End PBXGroup section */

/* Begin PBXNativeTarget section */
		B813D0E227BD50AA00A32954 /* Selfiegram */ = {
			isa = PBXNativeTarget;
			buildConfigurationList = B813D10D27BD50AB00A32954 /* Build configuration list for PBXNativeTarget "Selfiegram" */;
			buildPhases = (
				B813D0DF27BD50AA00A32954 /* Sources */,
				B813D0E027BD50AA00A32954 /* Frameworks */,
				B813D0E127BD50AA00A32954 /* Resources */,
			);
			buildRules = (
			);
			dependencies = (
			);
			name = Selfiegram;
			productName = Selfiegram;
			productReference = B813D0E327BD50AA00A32954 /* Selfiegram.app */;
			productType = "com.apple.product-type.application";
		};
		B813D0F827BD50AB00A32954 /* SelfiegramTests */ = {
			isa = PBXNativeTarget;
			buildConfigurationList = B813D11027BD50AB00A32954 /* Build configuration list for PBXNativeTarget "SelfiegramTests" */;
			buildPhases = (
				B813D0F527BD50AB00A32954 /* Sources */,
				B813D0F627BD50AB00A32954 /* Frameworks */,
				B813D0F727BD50AB00A32954 /* Resources */,
			);
			buildRules = (
			);
			dependencies = (
				B813D0FB27BD50AB00A32954 /* PBXTargetDependency */,
			);
			name = SelfiegramTests;
			productName = SelfiegramTests;
			productReference = B813D0F927BD50AB00A32954 /* SelfiegramTests.xctest */;
			productType = "com.apple.product-type.bundle.unit-test";
		};
		B813D10227BD50AB00A32954 /* SelfiegramUITests */ = {
			isa = PBXNativeTarget;
			buildConfigurationList = B813D11327BD50AB00A32954 /* Build configuration list for PBXNativeTarget "SelfiegramUITests" */;
			buildPhases = (
				B813D0FF27BD50AB00A32954 /* Sources */,
				B813D10027BD50AB00A32954 /* Frameworks */,
				B813D10127BD50AB00A32954 /* Resources */,
			);
			buildRules = (
			);
			dependencies = (
				B813D10527BD50AB00A32954 /* PBXTargetDependency */,
			);
			name = SelfiegramUITests;
			productName = SelfiegramUITests;
			productReference = B813D10327BD50AB00A32954 /* SelfiegramUITests.xctest */;
			productType = "com.apple.product-type.bundle.ui-testing";
		};
/* End PBXNativeTarget section */

/* Begin PBXProject section */
		B813D0DB27BD50AA00A32954 /* Project object */ = {
			isa = PBXProject;
			attributes = {
				BuildIndependentTargetsInParallel = 1;
				LastSwiftUpdateCheck = 1300;
				LastUpgradeCheck = 1300;
				TargetAttributes = {
					B813D0E227BD50AA00A32954 = {
						CreatedOnToolsVersion = 13.0;
					};
					B813D0F827BD50AB00A32954 = {
						CreatedOnToolsVersion = 13.0;
						TestTargetID = B813D0E227BD50AA00A32954;
					};
					B813D10227BD50AB00A32954 = {
						CreatedOnToolsVersion = 13.0;
						TestTargetID = B813D0E227BD50AA00A32954;
					};
				};
			};
			buildConfigurationList = B813D0DE27BD50AA00A32954 /* Build configuration list for PBXProject "Selfiegram" */;
			compatibilityVersion = "Xcode 13.0";
			developmentRegion = en;
			hasScannedForEncodings = 0;
			knownRegions = (
				en,
				Base,
			);
			mainGroup = B813D0DA27BD50AA00A32954;
			productRefGroup = B813D0E427BD50AA00A32954 /* Products */;
			projectDirPath = "";
			projectRoot = "";
			targets = (
				B813D0E227BD50AA00A32954 /* Selfiegram */,
				B813D0F827BD50AB00A32954 /* SelfiegramTests */,
				B813D10227BD50AB00A32954 /* SelfiegramUITests */,
			);
		};
/* End PBXProject section */

/* Begin PBXResourcesBuildPhase section */
		B813D0E127BD50AA00A32954 /* Resources */ = {
			isa = PBXResourcesBuildPhase;
			buildActionMask = 2147483647;
			files = (
				B813D0F327BD50AB00A32954 /* LaunchScreen.storyboard in Resources */,
				B813D0F027BD50AB00A32954 /* Assets.xcassets in Resources */,
				B813D0EE27BD50AA00A32954 /* Main.storyboard in Resources */,
			);
			runOnlyForDeploymentPostprocessing = 0;
		};
		B813D0F727BD50AB00A32954 /* Resources */ = {
			isa = PBXResourcesBuildPhase;
			buildActionMask = 2147483647;
			files = (
			);
			runOnlyForDeploymentPostprocessing = 0;
		};
		B813D10127BD50AB00A32954 /* Resources */ = {
			isa = PBXResourcesBuildPhase;
			buildActionMask = 2147483647;
			files = (
			);
			runOnlyForDeploymentPostprocessing = 0;
		};
/* End PBXResourcesBuildPhase section */

/* Begin PBXSourcesBuildPhase section */
		B813D0DF27BD50AA00A32954 /* Sources */ = {
			isa = PBXSourcesBuildPhase;
			buildActionMask = 2147483647;
			files = (
				B813D11727BD563100A32954 /* SelfieStore.swift in Sources */,
				B8D1ACE327C681A200352832 /* SelfieListTableViewController.swift in Sources */,
				B813D0E727BD50AA00A32954 /* AppDelegate.swift in Sources */,
				B813D0E927BD50AA00A32954 /* SceneDelegate.swift in Sources */,
			);
			runOnlyForDeploymentPostprocessing = 0;
		};
		B813D0F527BD50AB00A32954 /* Sources */ = {
			isa = PBXSourcesBuildPhase;
			buildActionMask = 2147483647;
			files = (
				B813D0FE27BD50AB00A32954 /* SelfiegramTests.swift in Sources */,
				B813D11927BD5C6200A32954 /* SelfieStoreTests.swift in Sources */,
			);
			runOnlyForDeploymentPostprocessing = 0;
		};
		B813D0FF27BD50AB00A32954 /* Sources */ = {
			isa = PBXSourcesBuildPhase;
			buildActionMask = 2147483647;
			files = (
				B813D10827BD50AB00A32954 /* SelfiegramUITests.swift in Sources */,
				B813D10A27BD50AB00A32954 /* SelfiegramUITestsLaunchTests.swift in Sources */,
			);
			runOnlyForDeploymentPostprocessing = 0;
		};
/* End PBXSourcesBuildPhase section */

/* Begin PBXTargetDependency section */
		B813D0FB27BD50AB00A32954 /* PBXTargetDependency */ = {
			isa = PBXTargetDependency;
			target = B813D0E227BD50AA00A32954 /* Selfiegram */;
			targetProxy = B813D0FA27BD50AB00A32954 /* PBXContainerItemProxy */;
		};
		B813D10527BD50AB00A32954 /* PBXTargetDependency */ = {
			isa = PBXTargetDependency;
			target = B813D0E227BD50AA00A32954 /* Selfiegram */;
			targetProxy = B813D10427BD50AB00A32954 /* PBXContainerItemProxy */;
		};
/* End PBXTargetDependency section */

/* Begin PBXVariantGroup section */
		B813D0EC27BD50AA00A32954 /* Main.storyboard */ = {
			isa = PBXVariantGroup;
			children = (
				B813D0ED27BD50AA00A32954 /* Base */,
			);
			name = Main.storyboard;
			sourceTree = "<group>";
		};
		B813D0F127BD50AB00A32954 /* LaunchScreen.storyboard */ = {
			isa = PBXVariantGroup;
			children = (
				B813D0F227BD50AB00A32954 /* Base */,
			);
			name = LaunchScreen.storyboard;
			sourceTree = "<group>";
		};
/* End PBXVariantGroup section */

/* Begin XCBuildConfiguration section */
		B813D10B27BD50AB00A32954 /* Debug */ = {
			isa = XCBuildConfiguration;
			buildSettings = {
				ALWAYS_SEARCH_USER_PATHS = NO;
				CLANG_ANALYZER_NONNULL = YES;
				CLANG_ANALYZER_NUMBER_OBJECT_CONVERSION = YES_AGGRESSIVE;
				CLANG_CXX_LANGUAGE_STANDARD = "gnu++17";
				CLANG_CXX_LIBRARY = "libc++";
				CLANG_ENABLE_MODULES = YES;
				CLANG_ENABLE_OBJC_ARC = YES;
				CLANG_ENABLE_OBJC_WEAK = YES;
				CLANG_WARN_BLOCK_CAPTURE_AUTORELEASING = YES;
				CLANG_WARN_BOOL_CONVERSION = YES;
				CLANG_WARN_COMMA = YES;
				CLANG_WARN_CONSTANT_CONVERSION = YES;
				CLANG_WARN_DEPRECATED_OBJC_IMPLEMENTATIONS = YES;
				CLANG_WARN_DIRECT_OBJC_ISA_USAGE = YES_ERROR;
				CLANG_WARN_DOCUMENTATION_COMMENTS = YES;
				CLANG_WARN_EMPTY_BODY = YES;
				CLANG_WARN_ENUM_CONVERSION = YES;
				CLANG_WARN_INFINITE_RECURSION = YES;
				CLANG_WARN_INT_CONVERSION = YES;
				CLANG_WARN_NON_LITERAL_NULL_CONVERSION = YES;
				CLANG_WARN_OBJC_IMPLICIT_RETAIN_SELF = YES;
				CLANG_WARN_OBJC_LITERAL_CONVERSION = YES;
				CLANG_WARN_OBJC_ROOT_CLASS = YES_ERROR;
				CLANG_WARN_QUOTED_INCLUDE_IN_FRAMEWORK_HEADER = YES;
				CLANG_WARN_RANGE_LOOP_ANALYSIS = YES;
				CLANG_WARN_STRICT_PROTOTYPES = YES;
				CLANG_WARN_SUSPICIOUS_MOVE = YES;
				CLANG_WARN_UNGUARDED_AVAILABILITY = YES_AGGRESSIVE;
				CLANG_WARN_UNREACHABLE_CODE = YES;
				CLANG_WARN__DUPLICATE_METHOD_MATCH = YES;
				COPY_PHASE_STRIP = NO;
				DEBUG_INFORMATION_FORMAT = dwarf;
				ENABLE_STRICT_OBJC_MSGSEND = YES;
				ENABLE_TESTABILITY = YES;
				GCC_C_LANGUAGE_STANDARD = gnu11;
				GCC_DYNAMIC_NO_PIC = NO;
				GCC_NO_COMMON_BLOCKS = YES;
				GCC_OPTIMIZATION_LEVEL = 0;
				GCC_PREPROCESSOR_DEFINITIONS = (
					"DEBUG=1",
					"$(inherited)",
				);
				GCC_WARN_64_TO_32_BIT_CONVERSION = YES;
				GCC_WARN_ABOUT_RETURN_TYPE = YES_ERROR;
				GCC_WARN_UNDECLARED_SELECTOR = YES;
				GCC_WARN_UNINITIALIZED_AUTOS = YES_AGGRESSIVE;
				GCC_WARN_UNUSED_FUNCTION = YES;
				GCC_WARN_UNUSED_VARIABLE = YES;
				IPHONEOS_DEPLOYMENT_TARGET = 15.0;
				MTL_ENABLE_DEBUG_INFO = INCLUDE_SOURCE;
				MTL_FAST_MATH = YES;
				ONLY_ACTIVE_ARCH = YES;
				SDKROOT = iphoneos;
				SWIFT_ACTIVE_COMPILATION_CONDITIONS = DEBUG;
				SWIFT_OPTIMIZATION_LEVEL = "-Onone";
			};
			name = Debug;
		};
		B813D10C27BD50AB00A32954 /* Release */ = {
			isa = XCBuildConfiguration;
			buildSettings = {
				ALWAYS_SEARCH_USER_PATHS = NO;
				CLANG_ANALYZER_NONNULL = YES;
				CLANG_ANALYZER_NUMBER_OBJECT_CONVERSION = YES_AGGRESSIVE;
				CLANG_CXX_LANGUAGE_STANDARD = "gnu++17";
				CLANG_CXX_LIBRARY = "libc++";
				CLANG_ENABLE_MODULES = YES;
				CLANG_ENABLE_OBJC_ARC = YES;
				CLANG_ENABLE_OBJC_WEAK = YES;
				CLANG_WARN_BLOCK_CAPTURE_AUTORELEASING = YES;
				CLANG_WARN_BOOL_CONVERSION = YES;
				CLANG_WARN_COMMA = YES;
				CLANG_WARN_CONSTANT_CONVERSION = YES;
				CLANG_WARN_DEPRECATED_OBJC_IMPLEMENTATIONS = YES;
				CLANG_WARN_DIRECT_OBJC_ISA_USAGE = YES_ERROR;
				CLANG_WARN_DOCUMENTATION_COMMENTS = YES;
				CLANG_WARN_EMPTY_BODY = YES;
				CLANG_WARN_ENUM_CONVERSION = YES;
				CLANG_WARN_INFINITE_RECURSION = YES;
				CLANG_WARN_INT_CONVERSION = YES;
				CLANG_WARN_NON_LITERAL_NULL_CONVERSION = YES;
				CLANG_WARN_OBJC_IMPLICIT_RETAIN_SELF = YES;
				CLANG_WARN_OBJC_LITERAL_CONVERSION = YES;
				CLANG_WARN_OBJC_ROOT_CLASS = YES_ERROR;
				CLANG_WARN_QUOTED_INCLUDE_IN_FRAMEWORK_HEADER = YES;
				CLANG_WARN_RANGE_LOOP_ANALYSIS = YES;
				CLANG_WARN_STRICT_PROTOTYPES = YES;
				CLANG_WARN_SUSPICIOUS_MOVE = YES;
				CLANG_WARN_UNGUARDED_AVAILABILITY = YES_AGGRESSIVE;
				CLANG_WARN_UNREACHABLE_CODE = YES;
				CLANG_WARN__DUPLICATE_METHOD_MATCH = YES;
				COPY_PHASE_STRIP = NO;
				DEBUG_INFORMATION_FORMAT = "dwarf-with-dsym";
				ENABLE_NS_ASSERTIONS = NO;
				ENABLE_STRICT_OBJC_MSGSEND = YES;
				GCC_C_LANGUAGE_STANDARD = gnu11;
				GCC_NO_COMMON_BLOCKS = YES;
				GCC_WARN_64_TO_32_BIT_CONVERSION = YES;
				GCC_WARN_ABOUT_RETURN_TYPE = YES_ERROR;
				GCC_WARN_UNDECLARED_SELECTOR = YES;
				GCC_WARN_UNINITIALIZED_AUTOS = YES_AGGRESSIVE;
				GCC_WARN_UNUSED_FUNCTION = YES;
				GCC_WARN_UNUSED_VARIABLE = YES;
				IPHONEOS_DEPLOYMENT_TARGET = 15.0;
				MTL_ENABLE_DEBUG_INFO = NO;
				MTL_FAST_MATH = YES;
				SDKROOT = iphoneos;
				SWIFT_COMPILATION_MODE = wholemodule;
				SWIFT_OPTIMIZATION_LEVEL = "-O";
				VALIDATE_PRODUCT = YES;
			};
			name = Release;
		};
		B813D10E27BD50AB00A32954 /* Debug */ = {
			isa = XCBuildConfiguration;
			buildSettings = {
				ASSETCATALOG_COMPILER_APPICON_NAME = AppIcon;
				ASSETCATALOG_COMPILER_GLOBAL_ACCENT_COLOR_NAME = AccentColor;
				CODE_SIGN_STYLE = Automatic;
				CURRENT_PROJECT_VERSION = 1;
				DEVELOPMENT_TEAM = 4BVWWWGR39;
				GENERATE_INFOPLIST_FILE = YES;
				INFOPLIST_FILE = Selfiegram/Info.plist;
				INFOPLIST_KEY_UIApplicationSupportsIndirectInputEvents = YES;
				INFOPLIST_KEY_UILaunchStoryboardName = LaunchScreen;
				INFOPLIST_KEY_UIMainStoryboardFile = Main;
				INFOPLIST_KEY_UISupportedInterfaceOrientations_iPad = "UIInterfaceOrientationPortrait UIInterfaceOrientationPortraitUpsideDown UIInterfaceOrientationLandscapeLeft UIInterfaceOrientationLandscapeRight";
				INFOPLIST_KEY_UISupportedInterfaceOrientations_iPhone = "UIInterfaceOrientationPortrait UIInterfaceOrientationLandscapeLeft UIInterfaceOrientationLandscapeRight";
				LD_RUNPATH_SEARCH_PATHS = (
					"$(inherited)",
					"@executable_path/Frameworks",
				);
				MARKETING_VERSION = 1.0;
				PRODUCT_BUNDLE_IDENTIFIER = com.mickymckeon.Selfiegram;
				PRODUCT_NAME = "$(TARGET_NAME)";
				SWIFT_EMIT_LOC_STRINGS = YES;
				SWIFT_VERSION = 5.0;
				TARGETED_DEVICE_FAMILY = "1,2";
			};
			name = Debug;
		};
		B813D10F27BD50AB00A32954 /* Release */ = {
			isa = XCBuildConfiguration;
			buildSettings = {
				ASSETCATALOG_COMPILER_APPICON_NAME = AppIcon;
				ASSETCATALOG_COMPILER_GLOBAL_ACCENT_COLOR_NAME = AccentColor;
				CODE_SIGN_STYLE = Automatic;
				CURRENT_PROJECT_VERSION = 1;
				DEVELOPMENT_TEAM = 4BVWWWGR39;
				GENERATE_INFOPLIST_FILE = YES;
				INFOPLIST_FILE = Selfiegram/Info.plist;
				INFOPLIST_KEY_UIApplicationSupportsIndirectInputEvents = YES;
				INFOPLIST_KEY_UILaunchStoryboardName = LaunchScreen;
				INFOPLIST_KEY_UIMainStoryboardFile = Main;
				INFOPLIST_KEY_UISupportedInterfaceOrientations_iPad = "UIInterfaceOrientationPortrait UIInterfaceOrientationPortraitUpsideDown UIInterfaceOrientationLandscapeLeft UIInterfaceOrientationLandscapeRight";
				INFOPLIST_KEY_UISupportedInterfaceOrientations_iPhone = "UIInterfaceOrientationPortrait UIInterfaceOrientationLandscapeLeft UIInterfaceOrientationLandscapeRight";
				LD_RUNPATH_SEARCH_PATHS = (
					"$(inherited)",
					"@executable_path/Frameworks",
				);
				MARKETING_VERSION = 1.0;
				PRODUCT_BUNDLE_IDENTIFIER = com.mickymckeon.Selfiegram;
				PRODUCT_NAME = "$(TARGET_NAME)";
				SWIFT_EMIT_LOC_STRINGS = YES;
				SWIFT_VERSION = 5.0;
				TARGETED_DEVICE_FAMILY = "1,2";
			};
			name = Release;
		};
		B813D11127BD50AB00A32954 /* Debug */ = {
			isa = XCBuildConfiguration;
			buildSettings = {
				ALWAYS_EMBED_SWIFT_STANDARD_LIBRARIES = YES;
				BUNDLE_LOADER = "$(TEST_HOST)";
				CODE_SIGN_STYLE = Automatic;
				CURRENT_PROJECT_VERSION = 1;
				DEVELOPMENT_TEAM = 4BVWWWGR39;
				GENERATE_INFOPLIST_FILE = YES;
				IPHONEOS_DEPLOYMENT_TARGET = 15.0;
				LD_RUNPATH_SEARCH_PATHS = (
					"$(inherited)",
					"@executable_path/Frameworks",
					"@loader_path/Frameworks",
				);
				MARKETING_VERSION = 1.0;
				PRODUCT_BUNDLE_IDENTIFIER = com.mickymckeon.SelfiegramTests;
				PRODUCT_NAME = "$(TARGET_NAME)";
				SWIFT_EMIT_LOC_STRINGS = NO;
				SWIFT_VERSION = 5.0;
				TARGETED_DEVICE_FAMILY = "1,2";
				TEST_HOST = "$(BUILT_PRODUCTS_DIR)/Selfiegram.app/Selfiegram";
			};
			name = Debug;
		};
		B813D11227BD50AB00A32954 /* Release */ = {
			isa = XCBuildConfiguration;
			buildSettings = {
				ALWAYS_EMBED_SWIFT_STANDARD_LIBRARIES = YES;
				BUNDLE_LOADER = "$(TEST_HOST)";
				CODE_SIGN_STYLE = Automatic;
				CURRENT_PROJECT_VERSION = 1;
				DEVELOPMENT_TEAM = 4BVWWWGR39;
				GENERATE_INFOPLIST_FILE = YES;
				IPHONEOS_DEPLOYMENT_TARGET = 15.0;
				LD_RUNPATH_SEARCH_PATHS = (
					"$(inherited)",
					"@executable_path/Frameworks",
					"@loader_path/Frameworks",
				);
				MARKETING_VERSION = 1.0;
				PRODUCT_BUNDLE_IDENTIFIER = com.mickymckeon.SelfiegramTests;
				PRODUCT_NAME = "$(TARGET_NAME)";
				SWIFT_EMIT_LOC_STRINGS = NO;
				SWIFT_VERSION = 5.0;
				TARGETED_DEVICE_FAMILY = "1,2";
				TEST_HOST = "$(BUILT_PRODUCTS_DIR)/Selfiegram.app/Selfiegram";
			};
			name = Release;
		};
		B813D11427BD50AB00A32954 /* Debug */ = {
			isa = XCBuildConfiguration;
			buildSettings = {
				ALWAYS_EMBED_SWIFT_STANDARD_LIBRARIES = YES;
				CODE_SIGN_STYLE = Automatic;
				CURRENT_PROJECT_VERSION = 1;
				DEVELOPMENT_TEAM = 4BVWWWGR39;
				GENERATE_INFOPLIST_FILE = YES;
				LD_RUNPATH_SEARCH_PATHS = (
					"$(inherited)",
					"@executable_path/Frameworks",
					"@loader_path/Frameworks",
				);
				MARKETING_VERSION = 1.0;
				PRODUCT_BUNDLE_IDENTIFIER = com.mickymckeon.SelfiegramUITests;
				PRODUCT_NAME = "$(TARGET_NAME)";
				SWIFT_EMIT_LOC_STRINGS = NO;
				SWIFT_VERSION = 5.0;
				TARGETED_DEVICE_FAMILY = "1,2";
				TEST_TARGET_NAME = Selfiegram;
			};
			name = Debug;
		};
		B813D11527BD50AB00A32954 /* Release */ = {
			isa = XCBuildConfiguration;
			buildSettings = {
				ALWAYS_EMBED_SWIFT_STANDARD_LIBRARIES = YES;
				CODE_SIGN_STYLE = Automatic;
				CURRENT_PROJECT_VERSION = 1;
				DEVELOPMENT_TEAM = 4BVWWWGR39;
				GENERATE_INFOPLIST_FILE = YES;
				LD_RUNPATH_SEARCH_PATHS = (
					"$(inherited)",
					"@executable_path/Frameworks",
					"@loader_path/Frameworks",
				);
				MARKETING_VERSION = 1.0;
				PRODUCT_BUNDLE_IDENTIFIER = com.mickymckeon.SelfiegramUITests;
				PRODUCT_NAME = "$(TARGET_NAME)";
				SWIFT_EMIT_LOC_STRINGS = NO;
				SWIFT_VERSION = 5.0;
				TARGETED_DEVICE_FAMILY = "1,2";
				TEST_TARGET_NAME = Selfiegram;
			};
			name = Release;
		};
/* End XCBuildConfiguration section */

/* Begin XCConfigurationList section */
		B813D0DE27BD50AA00A32954 /* Build configuration list for PBXProject "Selfiegram" */ = {
			isa = XCConfigurationList;
			buildConfigurations = (
				B813D10B27BD50AB00A32954 /* Debug */,
				B813D10C27BD50AB00A32954 /* Release */,
			);
			defaultConfigurationIsVisible = 0;
			defaultConfigurationName = Release;
		};
		B813D10D27BD50AB00A32954 /* Build configuration list for PBXNativeTarget "Selfiegram" */ = {
			isa = XCConfigurationList;
			buildConfigurations = (
				B813D10E27BD50AB00A32954 /* Debug */,
				B813D10F27BD50AB00A32954 /* Release */,
			);
			defaultConfigurationIsVisible = 0;
			defaultConfigurationName = Release;
		};
		B813D11027BD50AB00A32954 /* Build configuration list for PBXNativeTarget "SelfiegramTests" */ = {
			isa = XCConfigurationList;
			buildConfigurations = (
				B813D11127BD50AB00A32954 /* Debug */,
				B813D11227BD50AB00A32954 /* Release */,
			);
			defaultConfigurationIsVisible = 0;
			defaultConfigurationName = Release;
		};
		B813D11327BD50AB00A32954 /* Build configuration list for PBXNativeTarget "SelfiegramUITests" */ = {
			isa = XCConfigurationList;
			buildConfigurations = (
				B813D11427BD50AB00A32954 /* Debug */,
				B813D11527BD50AB00A32954 /* Release */,
			);
			defaultConfigurationIsVisible = 0;
			defaultConfigurationName = Release;
		};
/* End XCConfigurationList section */
	};
	rootObject = B813D0DB27BD50AA00A32954 /* Project object */;
}
